
Microsoft Visual Studio Solution File, Format Version 12.00
# Visual Studio 15
VisualStudioVersion = 15.0.27703.2047
MinimumVisualStudioVersion = 10.0.40219.1
Project("{9A19103F-16F7-4668-BE54-9A1E7A4F7556}") = "P01_HospitalDatabase", "P01_HospitalDatabase\P01_HospitalDatabase.csproj", "{DF46DB24-0492-43CE-B983-3A9A90D90A2B}"
EndProject
Project("{9A19103F-16F7-4668-BE54-9A1E7A4F7556}") = "P01_HospitalDatabase.Data.Models", "P01_HospitalDatabase.Data.Models\P01_HospitalDatabase.Data.Models.csproj", "{8C7BE5AD-5A5B-48E3-B3EF-067D79F4405A}"
EndProject
Project("{9A19103F-16F7-4668-BE54-9A1E7A4F7556}") = "P01_HospitalDatabase.Data", "P01_HospitalDatabase.Data\P01_HospitalDatabase.Data.csproj", "{4F9D24ED-7A36-481F-8BE9-F39656027B52}"
EndProject
Project("{9A19103F-16F7-4668-BE54-9A1E7A4F7556}") = "P01_HospitalDatabase.Initializer", "P01_HospitalDatabase.Initializer\P01_HospitalDatabase.Initializer.csproj", "{C22C2A5F-D2DB-4B4A-B536-40C5FF93AB68}"
EndProject
Project("{9A19103F-16F7-4668-BE54-9A1E7A4F7556}") = "P03_SalesDatabase", "P03_SalesDatabase\P03_SalesDatabase.csproj", "{640F7221-0C74-43C3-8348-B28C2E5EA17C}"
EndProject
Global
	GlobalSection(SolutionConfigurationPlatforms) = preSolution
		Debug|Any CPU = Debug|Any CPU
		Release|Any CPU = Release|Any CPU
	EndGlobalSection
	GlobalSection(ProjectConfigurationPlatforms) = postSolution
		{DF46DB24-0492-43CE-B983-3A9A90D90A2B}.Debug|Any CPU.ActiveCfg = Debug|Any CPU
		{DF46DB24-0492-43CE-B983-3A9A90D90A2B}.Debug|Any CPU.Build.0 = Debug|Any CPU
		{DF46DB24-0492-43CE-B983-3A9A90D90A2B}.Release|Any CPU.ActiveCfg = Release|Any CPU
		{DF46DB24-0492-43CE-B983-3A9A90D90A2B}.Release|Any CPU.Build.0 = Release|Any CPU
		{8C7BE5AD-5A5B-48E3-B3EF-067D79F4405A}.Debug|Any CPU.ActiveCfg = Debug|Any CPU
		{8C7BE5AD-5A5B-48E3-B3EF-067D79F4405A}.Debug|Any CPU.Build.0 = Debug|Any CPU
		{8C7BE5AD-5A5B-48E3-B3EF-067D79F4405A}.Release|Any CPU.ActiveCfg = Release|Any CPU
		{8C7BE5AD-5A5B-48E3-B3EF-067D79F4405A}.Release|Any CPU.Build.0 = Release|Any CPU
		{4F9D24ED-7A36-481F-8BE9-F39656027B52}.Debug|Any CPU.ActiveCfg = Debug|Any CPU
		{4F9D24ED-7A36-481F-8BE9-F39656027B52}.Debug|Any CPU.Build.0 = Debug|Any CPU
		{4F9D24ED-7A36-481F-8BE9-F39656027B52}.Release|Any CPU.ActiveCfg = Release|Any CPU
		{4F9D24ED-7A36-481F-8BE9-F39656027B52}.Release|Any CPU.Build.0 = Release|Any CPU
		{C22C2A5F-D2DB-4B4A-B536-40C5FF93AB68}.Debug|Any CPU.ActiveCfg = Debug|Any CPU
		{C22C2A5F-D2DB-4B4A-B536-40C5FF93AB68}.Debug|Any CPU.Build.0 = Debug|Any CPU
		{C22C2A5F-D2DB-4B4A-B536-40C5FF93AB68}.Release|Any CPU.ActiveCfg = Release|Any CPU
		{C22C2A5F-D2DB-4B4A-B536-40C5FF93AB68}.Release|Any CPU.Build.0 = Release|Any CPU
		{640F7221-0C74-43C3-8348-B28C2E5EA17C}.Debug|Any CPU.ActiveCfg = Debug|Any CPU
		{640F7221-0C74-43C3-8348-B28C2E5EA17C}.Debug|Any CPU.Build.0 = Debug|Any CPU
		{640F7221-0C74-43C3-8348-B28C2E5EA17C}.Release|Any CPU.ActiveCfg = Release|Any CPU
		{640F7221-0C74-43C3-8348-B28C2E5EA17C}.Release|Any CPU.Build.0 = Release|Any CPU
	EndGlobalSection
	GlobalSection(SolutionProperties) = preSolution
		HideSolutionNode = FALSE
	EndGlobalSection
	GlobalSection(ExtensibilityGlobals) = postSolution
		SolutionGuid = {A1070C77-850E-48D9-A6D0-2A3F4881D92B}
	EndGlobalSection
EndGlobal
