
Microsoft Visual Studio Solution File, Format Version 12.00
# Visual Studio 15
VisualStudioVersion = 15.0.27703.2047
MinimumVisualStudioVersion = 10.0.40219.1
Project("{9A19103F-16F7-4668-BE54-9A1E7A4F7556}") = "P01_StudentSystem", "P01_StudentSystem\P01_StudentSystem.csproj", "{7E96A162-9C10-4BB9-8B4E-457B010AE466}"
EndProject
Project("{9A19103F-16F7-4668-BE54-9A1E7A4F7556}") = "P01_StudentSystem.Data", "P01_StudentSystem.Data\P01_StudentSystem.Data.csproj", "{49C5D5A9-9DA6-49BF-AB7C-0BB3A7B416FB}"
EndProject
Project("{9A19103F-16F7-4668-BE54-9A1E7A4F7556}") = "P01_StudentSystem.Data.Models", "P01_StudentSystem.Data.Models\P01_StudentSystem.Data.Models.csproj", "{E2E40A7B-3802-45A6-8140-F33094C08F0E}"
EndProject
Project("{FAE04EC0-301F-11D3-BF4B-00C04F79EFBC}") = "P03_FootballBetting", "P03_FootballBetting\P03_FootballBetting.csproj", "{4F394DFE-3CF2-4DDE-89F3-EF26E08F3C06}"
EndProject
Project("{FAE04EC0-301F-11D3-BF4B-00C04F79EFBC}") = "P03_FootballBetting.Data", "P03_FootballBetting.Data\P03_FootballBetting.Data.csproj", "{8E0B049A-2E3E-403F-9DF9-A65369708054}"
EndProject
Project("{FAE04EC0-301F-11D3-BF4B-00C04F79EFBC}") = "P03_FootballBetting.Data.Models", "P03_FootballBetting.Data.Models\P03_FootballBetting.Data.Models.csproj", "{63C572D9-84DA-42AA-A8E0-77518A368BB9}"
EndProject
Global
	GlobalSection(SolutionConfigurationPlatforms) = preSolution
		Debug|Any CPU = Debug|Any CPU
		Release|Any CPU = Release|Any CPU
	EndGlobalSection
	GlobalSection(ProjectConfigurationPlatforms) = postSolution
		{7E96A162-9C10-4BB9-8B4E-457B010AE466}.Debug|Any CPU.ActiveCfg = Debug|Any CPU
		{7E96A162-9C10-4BB9-8B4E-457B010AE466}.Debug|Any CPU.Build.0 = Debug|Any CPU
		{7E96A162-9C10-4BB9-8B4E-457B010AE466}.Release|Any CPU.ActiveCfg = Release|Any CPU
		{7E96A162-9C10-4BB9-8B4E-457B010AE466}.Release|Any CPU.Build.0 = Release|Any CPU
		{49C5D5A9-9DA6-49BF-AB7C-0BB3A7B416FB}.Debug|Any CPU.ActiveCfg = Debug|Any CPU
		{49C5D5A9-9DA6-49BF-AB7C-0BB3A7B416FB}.Debug|Any CPU.Build.0 = Debug|Any CPU
		{49C5D5A9-9DA6-49BF-AB7C-0BB3A7B416FB}.Release|Any CPU.ActiveCfg = Release|Any CPU
		{49C5D5A9-9DA6-49BF-AB7C-0BB3A7B416FB}.Release|Any CPU.Build.0 = Release|Any CPU
		{E2E40A7B-3802-45A6-8140-F33094C08F0E}.Debug|Any CPU.ActiveCfg = Debug|Any CPU
		{E2E40A7B-3802-45A6-8140-F33094C08F0E}.Debug|Any CPU.Build.0 = Debug|Any CPU
		{E2E40A7B-3802-45A6-8140-F33094C08F0E}.Release|Any CPU.ActiveCfg = Release|Any CPU
		{E2E40A7B-3802-45A6-8140-F33094C08F0E}.Release|Any CPU.Build.0 = Release|Any CPU
		{4F394DFE-3CF2-4DDE-89F3-EF26E08F3C06}.Debug|Any CPU.ActiveCfg = Debug|Any CPU
		{4F394DFE-3CF2-4DDE-89F3-EF26E08F3C06}.Debug|Any CPU.Build.0 = Debug|Any CPU
		{4F394DFE-3CF2-4DDE-89F3-EF26E08F3C06}.Release|Any CPU.ActiveCfg = Release|Any CPU
		{4F394DFE-3CF2-4DDE-89F3-EF26E08F3C06}.Release|Any CPU.Build.0 = Release|Any CPU
		{8E0B049A-2E3E-403F-9DF9-A65369708054}.Debug|Any CPU.ActiveCfg = Debug|Any CPU
		{8E0B049A-2E3E-403F-9DF9-A65369708054}.Debug|Any CPU.Build.0 = Debug|Any CPU
		{8E0B049A-2E3E-403F-9DF9-A65369708054}.Release|Any CPU.ActiveCfg = Release|Any CPU
		{8E0B049A-2E3E-403F-9DF9-A65369708054}.Release|Any CPU.Build.0 = Release|Any CPU
		{63C572D9-84DA-42AA-A8E0-77518A368BB9}.Debug|Any CPU.ActiveCfg = Debug|Any CPU
		{63C572D9-84DA-42AA-A8E0-77518A368BB9}.Debug|Any CPU.Build.0 = Debug|Any CPU
		{63C572D9-84DA-42AA-A8E0-77518A368BB9}.Release|Any CPU.ActiveCfg = Release|Any CPU
		{63C572D9-84DA-42AA-A8E0-77518A368BB9}.Release|Any CPU.Build.0 = Release|Any CPU
	EndGlobalSection
	GlobalSection(SolutionProperties) = preSolution
		HideSolutionNode = FALSE
	EndGlobalSection
	GlobalSection(ExtensibilityGlobals) = postSolution
		SolutionGuid = {4FB46DA2-C6BB-4C8B-89E2-97A4EA819A6E}
	EndGlobalSection
EndGlobal
