
Microsoft Visual Studio Solution File, Format Version 12.00
# Visual Studio 15
VisualStudioVersion = 15.0.28010.2003
MinimumVisualStudioVersion = 10.0.40219.1
Project("{FAE04EC0-301F-11D3-BF4B-00C04F79EFBC}") = "ProductShop.App", "ProductShop.App\ProductShop.App.csproj", "{FD864C22-1BDF-41FA-9007-7549B1C9CA79}"
EndProject
Project("{FAE04EC0-301F-11D3-BF4B-00C04F79EFBC}") = "ProductShop.Data", "ProductShop.Data\ProductShop.Data.csproj", "{40BF0480-5295-4A85-86AB-8F37368FA726}"
EndProject
Project("{FAE04EC0-301F-11D3-BF4B-00C04F79EFBC}") = "ProductShop.Models", "ProductShop.Models\ProductShop.Models.csproj", "{CDBAB07E-FE67-40BC-8715-8B58B6F54FAE}"
EndProject
Global
	GlobalSection(SolutionConfigurationPlatforms) = preSolution
		Debug|Any CPU = Debug|Any CPU
		Release|Any CPU = Release|Any CPU
	EndGlobalSection
	GlobalSection(ProjectConfigurationPlatforms) = postSolution
		{FD864C22-1BDF-41FA-9007-7549B1C9CA79}.Debug|Any CPU.ActiveCfg = Debug|Any CPU
		{FD864C22-1BDF-41FA-9007-7549B1C9CA79}.Debug|Any CPU.Build.0 = Debug|Any CPU
		{FD864C22-1BDF-41FA-9007-7549B1C9CA79}.Release|Any CPU.ActiveCfg = Release|Any CPU
		{FD864C22-1BDF-41FA-9007-7549B1C9CA79}.Release|Any CPU.Build.0 = Release|Any CPU
		{40BF0480-5295-4A85-86AB-8F37368FA726}.Debug|Any CPU.ActiveCfg = Debug|Any CPU
		{40BF0480-5295-4A85-86AB-8F37368FA726}.Debug|Any CPU.Build.0 = Debug|Any CPU
		{40BF0480-5295-4A85-86AB-8F37368FA726}.Release|Any CPU.ActiveCfg = Release|Any CPU
		{40BF0480-5295-4A85-86AB-8F37368FA726}.Release|Any CPU.Build.0 = Release|Any CPU
		{CDBAB07E-FE67-40BC-8715-8B58B6F54FAE}.Debug|Any CPU.ActiveCfg = Debug|Any CPU
		{CDBAB07E-FE67-40BC-8715-8B58B6F54FAE}.Debug|Any CPU.Build.0 = Debug|Any CPU
		{CDBAB07E-FE67-40BC-8715-8B58B6F54FAE}.Release|Any CPU.ActiveCfg = Release|Any CPU
		{CDBAB07E-FE67-40BC-8715-8B58B6F54FAE}.Release|Any CPU.Build.0 = Release|Any CPU
	EndGlobalSection
	GlobalSection(SolutionProperties) = preSolution
		HideSolutionNode = FALSE
	EndGlobalSection
	GlobalSection(ExtensibilityGlobals) = postSolution
		SolutionGuid = {2CB6281B-E987-4C23-8548-6551D481D2A0}
	EndGlobalSection
EndGlobal
