
Microsoft Visual Studio Solution File, Format Version 12.00
# Visual Studio 15
VisualStudioVersion = 15.0.27703.2047
MinimumVisualStudioVersion = 10.0.40219.1
Project("{9A19103F-16F7-4668-BE54-9A1E7A4F7556}") = "P01_BillsPaymentSystem", "P01_BillsPaymentSystem\P01_BillsPaymentSystem.csproj", "{1B928733-5441-410B-811C-E8F27D43F27C}"
EndProject
Project("{9A19103F-16F7-4668-BE54-9A1E7A4F7556}") = "P01_BillsPaymentSystem.Data", "P01_BillsPaymentSystem.Data\P01_BillsPaymentSystem.Data.csproj", "{C2D7951B-3E2F-4925-A3F1-186A2DB0B6FD}"
EndProject
Project("{9A19103F-16F7-4668-BE54-9A1E7A4F7556}") = "P01_BillsPaymentSystem.Data.Models", "P01_BillsPaymentSystem.Data.Models\P01_BillsPaymentSystem.Data.Models.csproj", "{50CDDA8C-F74D-4603-999B-3E2022BFCD66}"
EndProject
Project("{FAE04EC0-301F-11D3-BF4B-00C04F79EFBC}") = "P01_BillsPaymentSystem.Initializer", "P01_BillsPaymentSystem.Initializer\P01_BillsPaymentSystem.Initializer.csproj", "{BFA60F56-589E-4DFF-9717-CFC14CA2C93D}"
EndProject
Global
	GlobalSection(SolutionConfigurationPlatforms) = preSolution
		Debug|Any CPU = Debug|Any CPU
		Release|Any CPU = Release|Any CPU
	EndGlobalSection
	GlobalSection(ProjectConfigurationPlatforms) = postSolution
		{1B928733-5441-410B-811C-E8F27D43F27C}.Debug|Any CPU.ActiveCfg = Debug|Any CPU
		{1B928733-5441-410B-811C-E8F27D43F27C}.Debug|Any CPU.Build.0 = Debug|Any CPU
		{1B928733-5441-410B-811C-E8F27D43F27C}.Release|Any CPU.ActiveCfg = Release|Any CPU
		{1B928733-5441-410B-811C-E8F27D43F27C}.Release|Any CPU.Build.0 = Release|Any CPU
		{C2D7951B-3E2F-4925-A3F1-186A2DB0B6FD}.Debug|Any CPU.ActiveCfg = Debug|Any CPU
		{C2D7951B-3E2F-4925-A3F1-186A2DB0B6FD}.Debug|Any CPU.Build.0 = Debug|Any CPU
		{C2D7951B-3E2F-4925-A3F1-186A2DB0B6FD}.Release|Any CPU.ActiveCfg = Release|Any CPU
		{C2D7951B-3E2F-4925-A3F1-186A2DB0B6FD}.Release|Any CPU.Build.0 = Release|Any CPU
		{50CDDA8C-F74D-4603-999B-3E2022BFCD66}.Debug|Any CPU.ActiveCfg = Debug|Any CPU
		{50CDDA8C-F74D-4603-999B-3E2022BFCD66}.Debug|Any CPU.Build.0 = Debug|Any CPU
		{50CDDA8C-F74D-4603-999B-3E2022BFCD66}.Release|Any CPU.ActiveCfg = Release|Any CPU
		{50CDDA8C-F74D-4603-999B-3E2022BFCD66}.Release|Any CPU.Build.0 = Release|Any CPU
		{BFA60F56-589E-4DFF-9717-CFC14CA2C93D}.Debug|Any CPU.ActiveCfg = Debug|Any CPU
		{BFA60F56-589E-4DFF-9717-CFC14CA2C93D}.Debug|Any CPU.Build.0 = Debug|Any CPU
		{BFA60F56-589E-4DFF-9717-CFC14CA2C93D}.Release|Any CPU.ActiveCfg = Release|Any CPU
		{BFA60F56-589E-4DFF-9717-CFC14CA2C93D}.Release|Any CPU.Build.0 = Release|Any CPU
	EndGlobalSection
	GlobalSection(SolutionProperties) = preSolution
		HideSolutionNode = FALSE
	EndGlobalSection
	GlobalSection(ExtensibilityGlobals) = postSolution
		SolutionGuid = {D5E36166-2222-49F5-A83F-2A4EDFAA5AB9}
	EndGlobalSection
EndGlobal
